
Microsoft Visual Studio Solution File, Format Version 12.00
# Visual Studio 15
VisualStudioVersion = 15.0.28307.421
MinimumVisualStudioVersion = 10.0.40219.1
Project("{8BC9CEB8-8B4A-11D0-8D11-00A0C91BC942}") = "Project18", "Project18\Project18.vcxproj", "{B21228D5-10BA-4681-A642-C75A781BFADF}"
EndProject
Global
	GlobalSection(SolutionConfigurationPlatforms) = preSolution
		Debug|x64 = Debug|x64
		Debug|x86 = Debug|x86
		Release|x64 = Release|x64
		Release|x86 = Release|x86
	EndGlobalSection
	GlobalSection(ProjectConfigurationPlatforms) = postSolution
		{B21228D5-10BA-4681-A642-C75A781BFADF}.Debug|x64.ActiveCfg = Debug|x64
		{B21228D5-10BA-4681-A642-C75A781BFADF}.Debug|x64.Build.0 = Debug|x64
		{B21228D5-10BA-4681-A642-C75A781BFADF}.Debug|x86.ActiveCfg = Debug|Win32
		{B21228D5-10BA-4681-A642-C75A781BFADF}.Debug|x86.Build.0 = Debug|Win32
		{B21228D5-10BA-4681-A642-C75A781BFADF}.Release|x64.ActiveCfg = Release|x64
		{B21228D5-10BA-4681-A642-C75A781BFADF}.Release|x64.Build.0 = Release|x64
		{B21228D5-10BA-4681-A642-C75A781BFADF}.Release|x86.ActiveCfg = Release|Win32
		{B21228D5-10BA-4681-A642-C75A781BFADF}.Release|x86.Build.0 = Release|Win32
	EndGlobalSection
	GlobalSection(SolutionProperties) = preSolution
		HideSolutionNode = FALSE
	EndGlobalSection
	GlobalSection(ExtensibilityGlobals) = postSolution
		SolutionGuid = {6DFE0ED0-AE16-4A00-B7AE-DBD09E3F8766}
	EndGlobalSection
EndGlobal
